
Microsoft Visual Studio Solution File, Format Version 12.00
# Visual Studio 15
VisualStudioVersion = 15.0.27703.2042
MinimumVisualStudioVersion = 10.0.40219.1
Project("{FAE04EC0-301F-11D3-BF4B-00C04F79EFBC}") = "AutoCodeGen", "AutoCodeGen\AutoCodeGen.csproj", "{E6695000-6598-4362-B232-2F9776E2CF4B}"
EndProject
Project("{FAE04EC0-301F-11D3-BF4B-00C04F79EFBC}") = "TestApp", "Test App\TestApp.csproj", "{C7F5DEC6-10DA-4843-9433-1E30DD7AFB5D}"
EndProject
Project("{FAE04EC0-301F-11D3-BF4B-00C04F79EFBC}") = "Encryption", "Encryption\Encryption.csproj", "{9108FDD8-4436-44E6-B4C6-913658F3CB42}"
EndProject
Project("{FAE04EC0-301F-11D3-BF4B-00C04F79EFBC}") = "DAL", "..\Database\DAL.csproj", "{E2EFDCD8-DD5A-4416-8B44-0F780431E98E}"
EndProject
Project("{FAE04EC0-301F-11D3-BF4B-00C04F79EFBC}") = "UnitTests", "UnitTests\UnitTests.csproj", "{6ED337E6-64EC-460B-8D85-DCDB5EF90810}"
EndProject
Global
	GlobalSection(SolutionConfigurationPlatforms) = preSolution
		Debug|.NET = Debug|.NET
		Debug|Any CPU = Debug|Any CPU
		Debug|Mixed Platforms = Debug|Mixed Platforms
		Release|.NET = Release|.NET
		Release|Any CPU = Release|Any CPU
		Release|Mixed Platforms = Release|Mixed Platforms
	EndGlobalSection
	GlobalSection(ProjectConfigurationPlatforms) = postSolution
		{E6695000-6598-4362-B232-2F9776E2CF4B}.Debug|.NET.ActiveCfg = Debug|Any CPU
		{E6695000-6598-4362-B232-2F9776E2CF4B}.Debug|Any CPU.ActiveCfg = Debug|Any CPU
		{E6695000-6598-4362-B232-2F9776E2CF4B}.Debug|Any CPU.Build.0 = Debug|Any CPU
		{E6695000-6598-4362-B232-2F9776E2CF4B}.Debug|Mixed Platforms.ActiveCfg = Debug|Any CPU
		{E6695000-6598-4362-B232-2F9776E2CF4B}.Debug|Mixed Platforms.Build.0 = Debug|Any CPU
		{E6695000-6598-4362-B232-2F9776E2CF4B}.Release|.NET.ActiveCfg = Release|Any CPU
		{E6695000-6598-4362-B232-2F9776E2CF4B}.Release|Any CPU.ActiveCfg = Release|Any CPU
		{E6695000-6598-4362-B232-2F9776E2CF4B}.Release|Any CPU.Build.0 = Release|Any CPU
		{E6695000-6598-4362-B232-2F9776E2CF4B}.Release|Mixed Platforms.ActiveCfg = Release|Any CPU
		{E6695000-6598-4362-B232-2F9776E2CF4B}.Release|Mixed Platforms.Build.0 = Release|Any CPU
		{C7F5DEC6-10DA-4843-9433-1E30DD7AFB5D}.Debug|.NET.ActiveCfg = Debug|Any CPU
		{C7F5DEC6-10DA-4843-9433-1E30DD7AFB5D}.Debug|Any CPU.ActiveCfg = Debug|Any CPU
		{C7F5DEC6-10DA-4843-9433-1E30DD7AFB5D}.Debug|Any CPU.Build.0 = Debug|Any CPU
		{C7F5DEC6-10DA-4843-9433-1E30DD7AFB5D}.Debug|Mixed Platforms.ActiveCfg = Debug|Any CPU
		{C7F5DEC6-10DA-4843-9433-1E30DD7AFB5D}.Debug|Mixed Platforms.Build.0 = Debug|Any CPU
		{C7F5DEC6-10DA-4843-9433-1E30DD7AFB5D}.Release|.NET.ActiveCfg = Release|Any CPU
		{C7F5DEC6-10DA-4843-9433-1E30DD7AFB5D}.Release|Any CPU.ActiveCfg = Release|Any CPU
		{C7F5DEC6-10DA-4843-9433-1E30DD7AFB5D}.Release|Any CPU.Build.0 = Release|Any CPU
		{C7F5DEC6-10DA-4843-9433-1E30DD7AFB5D}.Release|Mixed Platforms.ActiveCfg = Release|Any CPU
		{C7F5DEC6-10DA-4843-9433-1E30DD7AFB5D}.Release|Mixed Platforms.Build.0 = Release|Any CPU
		{9108FDD8-4436-44E6-B4C6-913658F3CB42}.Debug|.NET.ActiveCfg = Debug|Any CPU
		{9108FDD8-4436-44E6-B4C6-913658F3CB42}.Debug|.NET.Build.0 = Debug|Any CPU
		{9108FDD8-4436-44E6-B4C6-913658F3CB42}.Debug|Any CPU.ActiveCfg = Debug|Any CPU
		{9108FDD8-4436-44E6-B4C6-913658F3CB42}.Debug|Any CPU.Build.0 = Debug|Any CPU
		{9108FDD8-4436-44E6-B4C6-913658F3CB42}.Debug|Mixed Platforms.ActiveCfg = Debug|Any CPU
		{9108FDD8-4436-44E6-B4C6-913658F3CB42}.Debug|Mixed Platforms.Build.0 = Debug|Any CPU
		{9108FDD8-4436-44E6-B4C6-913658F3CB42}.Release|.NET.ActiveCfg = Release|Any CPU
		{9108FDD8-4436-44E6-B4C6-913658F3CB42}.Release|.NET.Build.0 = Release|Any CPU
		{9108FDD8-4436-44E6-B4C6-913658F3CB42}.Release|Any CPU.ActiveCfg = Release|Any CPU
		{9108FDD8-4436-44E6-B4C6-913658F3CB42}.Release|Any CPU.Build.0 = Release|Any CPU
		{9108FDD8-4436-44E6-B4C6-913658F3CB42}.Release|Mixed Platforms.ActiveCfg = Release|Any CPU
		{9108FDD8-4436-44E6-B4C6-913658F3CB42}.Release|Mixed Platforms.Build.0 = Release|Any CPU
		{E2EFDCD8-DD5A-4416-8B44-0F780431E98E}.Debug|.NET.ActiveCfg = Debug|Any CPU
		{E2EFDCD8-DD5A-4416-8B44-0F780431E98E}.Debug|.NET.Build.0 = Debug|Any CPU
		{E2EFDCD8-DD5A-4416-8B44-0F780431E98E}.Debug|Any CPU.ActiveCfg = Debug|Any CPU
		{E2EFDCD8-DD5A-4416-8B44-0F780431E98E}.Debug|Any CPU.Build.0 = Debug|Any CPU
		{E2EFDCD8-DD5A-4416-8B44-0F780431E98E}.Debug|Mixed Platforms.ActiveCfg = Debug|Any CPU
		{E2EFDCD8-DD5A-4416-8B44-0F780431E98E}.Debug|Mixed Platforms.Build.0 = Debug|Any CPU
		{E2EFDCD8-DD5A-4416-8B44-0F780431E98E}.Release|.NET.ActiveCfg = Release|Any CPU
		{E2EFDCD8-DD5A-4416-8B44-0F780431E98E}.Release|.NET.Build.0 = Release|Any CPU
		{E2EFDCD8-DD5A-4416-8B44-0F780431E98E}.Release|Any CPU.ActiveCfg = Release|Any CPU
		{E2EFDCD8-DD5A-4416-8B44-0F780431E98E}.Release|Any CPU.Build.0 = Release|Any CPU
		{E2EFDCD8-DD5A-4416-8B44-0F780431E98E}.Release|Mixed Platforms.ActiveCfg = Release|Any CPU
		{E2EFDCD8-DD5A-4416-8B44-0F780431E98E}.Release|Mixed Platforms.Build.0 = Release|Any CPU
		{6ED337E6-64EC-460B-8D85-DCDB5EF90810}.Debug|.NET.ActiveCfg = Debug|Any CPU
		{6ED337E6-64EC-460B-8D85-DCDB5EF90810}.Debug|.NET.Build.0 = Debug|Any CPU
		{6ED337E6-64EC-460B-8D85-DCDB5EF90810}.Debug|Any CPU.ActiveCfg = Debug|Any CPU
		{6ED337E6-64EC-460B-8D85-DCDB5EF90810}.Debug|Any CPU.Build.0 = Debug|Any CPU
		{6ED337E6-64EC-460B-8D85-DCDB5EF90810}.Debug|Mixed Platforms.ActiveCfg = Debug|Any CPU
		{6ED337E6-64EC-460B-8D85-DCDB5EF90810}.Debug|Mixed Platforms.Build.0 = Debug|Any CPU
		{6ED337E6-64EC-460B-8D85-DCDB5EF90810}.Release|.NET.ActiveCfg = Release|Any CPU
		{6ED337E6-64EC-460B-8D85-DCDB5EF90810}.Release|.NET.Build.0 = Release|Any CPU
		{6ED337E6-64EC-460B-8D85-DCDB5EF90810}.Release|Any CPU.ActiveCfg = Release|Any CPU
		{6ED337E6-64EC-460B-8D85-DCDB5EF90810}.Release|Any CPU.Build.0 = Release|Any CPU
		{6ED337E6-64EC-460B-8D85-DCDB5EF90810}.Release|Mixed Platforms.ActiveCfg = Release|Any CPU
		{6ED337E6-64EC-460B-8D85-DCDB5EF90810}.Release|Mixed Platforms.Build.0 = Release|Any CPU
	EndGlobalSection
	GlobalSection(SolutionProperties) = preSolution
		HideSolutionNode = FALSE
	EndGlobalSection
	GlobalSection(ExtensibilityGlobals) = postSolution
		SolutionGuid = {CB8FA182-1D0E-4D37-A84C-CE80E92BB2F4}
	EndGlobalSection
EndGlobal
